
Microsoft Visual Studio Solution File, Format Version 12.00
# Visual Studio 2013
VisualStudioVersion = 12.0.31101.0
MinimumVisualStudioVersion = 10.0.40219.1
Project("{FAE04EC0-301F-11D3-BF4B-00C04F79EFBC}") = "MesGaranties.Core", "MesGaranties.Core\MesGaranties.Core.csproj", "{7C054027-6E3D-40EF-8231-4029023AB530}"
EndProject
Project("{FAE04EC0-301F-11D3-BF4B-00C04F79EFBC}") = "MesGaranties.DAL", "MesGaranties.DAL\MesGaranties.DAL.csproj", "{AF61E87D-0761-44F2-B4BE-3C51AD7B388E}"
EndProject
Project("{FAE04EC0-301F-11D3-BF4B-00C04F79EFBC}") = "MesGaranties.WebSite", "MesGaranties.Web\MesGaranties.WebSite.csproj", "{5F44CA30-B150-4993-B5EF-8A9334F3A62A}"
EndProject
Project("{FAE04EC0-301F-11D3-BF4B-00C04F79EFBC}") = "DansTesComs.Ressources", "..\DansTesComs\DansTesComs.Ressources\DansTesComs.Ressources.csproj", "{AF036A44-4B1F-4FFF-81CB-00CED0A9348E}"
EndProject
Project("{FAE04EC0-301F-11D3-BF4B-00C04F79EFBC}") = "LucasHelpers", "..\LucasHelpers\LucasHelpers\LucasHelpers.csproj", "{D776AA80-E6DD-49A9-AE18-2AA557FB521B}"
EndProject
Project("{FAE04EC0-301F-11D3-BF4B-00C04F79EFBC}") = "MesGaranties.Api", "MesGaranties.Api\MesGaranties.Api.csproj", "{28438D38-3BFB-4C07-B099-7394573500C4}"
EndProject
Project("{FAE04EC0-301F-11D3-BF4B-00C04F79EFBC}") = "MesGaranties.WpfClient", "MesGaranties.WpfClient\MesGaranties.WpfClient.csproj", "{0C54ABD9-9755-4ED9-B192-A8334F53B696}"
EndProject
Project("{2150E333-8FDC-42A3-9474-1A3956D46DE8}") = "Mobile", "Mobile", "{D58688EC-1B43-4C2C-955C-6F2F63BBCD20}"
EndProject
Project("{FAE04EC0-301F-11D3-BF4B-00C04F79EFBC}") = "MesGaranties.WinPhone", "MesGarantie.WinPhone\MesGaranties.WinPhone.csproj", "{171E72C9-5DD3-4087-8381-4B03A9EE8A2F}"
EndProject
Project("{FAE04EC0-301F-11D3-BF4B-00C04F79EFBC}") = "MesGaranties.WinPhone.Core", "MesGaranties.WinPhone.Core\MesGaranties.WinPhone.Core.csproj", "{6A0CE228-FCD0-4A99-8882-FE45544DADFF}"
EndProject
Global
	GlobalSection(SolutionConfigurationPlatforms) = preSolution
		Ad-Hoc|Any CPU = Ad-Hoc|Any CPU
		Ad-Hoc|ARM = Ad-Hoc|ARM
		Ad-Hoc|iPhone = Ad-Hoc|iPhone
		Ad-Hoc|iPhoneSimulator = Ad-Hoc|iPhoneSimulator
		Ad-Hoc|Mixed Platforms = Ad-Hoc|Mixed Platforms
		Ad-Hoc|x86 = Ad-Hoc|x86
		AppStore|Any CPU = AppStore|Any CPU
		AppStore|ARM = AppStore|ARM
		AppStore|iPhone = AppStore|iPhone
		AppStore|iPhoneSimulator = AppStore|iPhoneSimulator
		AppStore|Mixed Platforms = AppStore|Mixed Platforms
		AppStore|x86 = AppStore|x86
		Debug|Any CPU = Debug|Any CPU
		Debug|ARM = Debug|ARM
		Debug|iPhone = Debug|iPhone
		Debug|iPhoneSimulator = Debug|iPhoneSimulator
		Debug|Mixed Platforms = Debug|Mixed Platforms
		Debug|x86 = Debug|x86
		Release|Any CPU = Release|Any CPU
		Release|ARM = Release|ARM
		Release|iPhone = Release|iPhone
		Release|iPhoneSimulator = Release|iPhoneSimulator
		Release|Mixed Platforms = Release|Mixed Platforms
		Release|x86 = Release|x86
	EndGlobalSection
	GlobalSection(ProjectConfigurationPlatforms) = postSolution
		{7C054027-6E3D-40EF-8231-4029023AB530}.Ad-Hoc|Any CPU.ActiveCfg = Release|Any CPU
		{7C054027-6E3D-40EF-8231-4029023AB530}.Ad-Hoc|Any CPU.Build.0 = Release|Any CPU
		{7C054027-6E3D-40EF-8231-4029023AB530}.Ad-Hoc|ARM.ActiveCfg = Release|Any CPU
		{7C054027-6E3D-40EF-8231-4029023AB530}.Ad-Hoc|iPhone.ActiveCfg = Release|Any CPU
		{7C054027-6E3D-40EF-8231-4029023AB530}.Ad-Hoc|iPhoneSimulator.ActiveCfg = Release|Any CPU
		{7C054027-6E3D-40EF-8231-4029023AB530}.Ad-Hoc|Mixed Platforms.ActiveCfg = Release|Any CPU
		{7C054027-6E3D-40EF-8231-4029023AB530}.Ad-Hoc|Mixed Platforms.Build.0 = Release|Any CPU
		{7C054027-6E3D-40EF-8231-4029023AB530}.Ad-Hoc|x86.ActiveCfg = Release|Any CPU
		{7C054027-6E3D-40EF-8231-4029023AB530}.AppStore|Any CPU.ActiveCfg = Release|Any CPU
		{7C054027-6E3D-40EF-8231-4029023AB530}.AppStore|Any CPU.Build.0 = Release|Any CPU
		{7C054027-6E3D-40EF-8231-4029023AB530}.AppStore|ARM.ActiveCfg = Release|Any CPU
		{7C054027-6E3D-40EF-8231-4029023AB530}.AppStore|iPhone.ActiveCfg = Release|Any CPU
		{7C054027-6E3D-40EF-8231-4029023AB530}.AppStore|iPhoneSimulator.ActiveCfg = Release|Any CPU
		{7C054027-6E3D-40EF-8231-4029023AB530}.AppStore|Mixed Platforms.ActiveCfg = Release|Any CPU
		{7C054027-6E3D-40EF-8231-4029023AB530}.AppStore|Mixed Platforms.Build.0 = Release|Any CPU
		{7C054027-6E3D-40EF-8231-4029023AB530}.AppStore|x86.ActiveCfg = Release|Any CPU
		{7C054027-6E3D-40EF-8231-4029023AB530}.Debug|Any CPU.ActiveCfg = Debug|Any CPU
		{7C054027-6E3D-40EF-8231-4029023AB530}.Debug|Any CPU.Build.0 = Debug|Any CPU
		{7C054027-6E3D-40EF-8231-4029023AB530}.Debug|ARM.ActiveCfg = Debug|Any CPU
		{7C054027-6E3D-40EF-8231-4029023AB530}.Debug|iPhone.ActiveCfg = Debug|Any CPU
		{7C054027-6E3D-40EF-8231-4029023AB530}.Debug|iPhoneSimulator.ActiveCfg = Debug|Any CPU
		{7C054027-6E3D-40EF-8231-4029023AB530}.Debug|Mixed Platforms.ActiveCfg = Debug|Any CPU
		{7C054027-6E3D-40EF-8231-4029023AB530}.Debug|Mixed Platforms.Build.0 = Debug|Any CPU
		{7C054027-6E3D-40EF-8231-4029023AB530}.Debug|x86.ActiveCfg = Debug|Any CPU
		{7C054027-6E3D-40EF-8231-4029023AB530}.Release|Any CPU.ActiveCfg = Release|Any CPU
		{7C054027-6E3D-40EF-8231-4029023AB530}.Release|Any CPU.Build.0 = Release|Any CPU
		{7C054027-6E3D-40EF-8231-4029023AB530}.Release|ARM.ActiveCfg = Release|Any CPU
		{7C054027-6E3D-40EF-8231-4029023AB530}.Release|iPhone.ActiveCfg = Release|Any CPU
		{7C054027-6E3D-40EF-8231-4029023AB530}.Release|iPhoneSimulator.ActiveCfg = Release|Any CPU
		{7C054027-6E3D-40EF-8231-4029023AB530}.Release|Mixed Platforms.ActiveCfg = Release|Any CPU
		{7C054027-6E3D-40EF-8231-4029023AB530}.Release|Mixed Platforms.Build.0 = Release|Any CPU
		{7C054027-6E3D-40EF-8231-4029023AB530}.Release|x86.ActiveCfg = Release|Any CPU
		{AF61E87D-0761-44F2-B4BE-3C51AD7B388E}.Ad-Hoc|Any CPU.ActiveCfg = Release|Any CPU
		{AF61E87D-0761-44F2-B4BE-3C51AD7B388E}.Ad-Hoc|Any CPU.Build.0 = Release|Any CPU
		{AF61E87D-0761-44F2-B4BE-3C51AD7B388E}.Ad-Hoc|ARM.ActiveCfg = Release|Any CPU
		{AF61E87D-0761-44F2-B4BE-3C51AD7B388E}.Ad-Hoc|iPhone.ActiveCfg = Release|Any CPU
		{AF61E87D-0761-44F2-B4BE-3C51AD7B388E}.Ad-Hoc|iPhoneSimulator.ActiveCfg = Release|Any CPU
		{AF61E87D-0761-44F2-B4BE-3C51AD7B388E}.Ad-Hoc|Mixed Platforms.ActiveCfg = Release|Any CPU
		{AF61E87D-0761-44F2-B4BE-3C51AD7B388E}.Ad-Hoc|Mixed Platforms.Build.0 = Release|Any CPU
		{AF61E87D-0761-44F2-B4BE-3C51AD7B388E}.Ad-Hoc|x86.ActiveCfg = Release|Any CPU
		{AF61E87D-0761-44F2-B4BE-3C51AD7B388E}.AppStore|Any CPU.ActiveCfg = Release|Any CPU
		{AF61E87D-0761-44F2-B4BE-3C51AD7B388E}.AppStore|Any CPU.Build.0 = Release|Any CPU
		{AF61E87D-0761-44F2-B4BE-3C51AD7B388E}.AppStore|ARM.ActiveCfg = Release|Any CPU
		{AF61E87D-0761-44F2-B4BE-3C51AD7B388E}.AppStore|iPhone.ActiveCfg = Release|Any CPU
		{AF61E87D-0761-44F2-B4BE-3C51AD7B388E}.AppStore|iPhoneSimulator.ActiveCfg = Release|Any CPU
		{AF61E87D-0761-44F2-B4BE-3C51AD7B388E}.AppStore|Mixed Platforms.ActiveCfg = Release|Any CPU
		{AF61E87D-0761-44F2-B4BE-3C51AD7B388E}.AppStore|Mixed Platforms.Build.0 = Release|Any CPU
		{AF61E87D-0761-44F2-B4BE-3C51AD7B388E}.AppStore|x86.ActiveCfg = Release|Any CPU
		{AF61E87D-0761-44F2-B4BE-3C51AD7B388E}.Debug|Any CPU.ActiveCfg = Debug|Any CPU
		{AF61E87D-0761-44F2-B4BE-3C51AD7B388E}.Debug|Any CPU.Build.0 = Debug|Any CPU
		{AF61E87D-0761-44F2-B4BE-3C51AD7B388E}.Debug|ARM.ActiveCfg = Debug|Any CPU
		{AF61E87D-0761-44F2-B4BE-3C51AD7B388E}.Debug|iPhone.ActiveCfg = Debug|Any CPU
		{AF61E87D-0761-44F2-B4BE-3C51AD7B388E}.Debug|iPhoneSimulator.ActiveCfg = Debug|Any CPU
		{AF61E87D-0761-44F2-B4BE-3C51AD7B388E}.Debug|Mixed Platforms.ActiveCfg = Debug|Any CPU
		{AF61E87D-0761-44F2-B4BE-3C51AD7B388E}.Debug|Mixed Platforms.Build.0 = Debug|Any CPU
		{AF61E87D-0761-44F2-B4BE-3C51AD7B388E}.Debug|x86.ActiveCfg = Debug|Any CPU
		{AF61E87D-0761-44F2-B4BE-3C51AD7B388E}.Release|Any CPU.ActiveCfg = Release|Any CPU
		{AF61E87D-0761-44F2-B4BE-3C51AD7B388E}.Release|Any CPU.Build.0 = Release|Any CPU
		{AF61E87D-0761-44F2-B4BE-3C51AD7B388E}.Release|ARM.ActiveCfg = Release|Any CPU
		{AF61E87D-0761-44F2-B4BE-3C51AD7B388E}.Release|iPhone.ActiveCfg = Release|Any CPU
		{AF61E87D-0761-44F2-B4BE-3C51AD7B388E}.Release|iPhoneSimulator.ActiveCfg = Release|Any CPU
		{AF61E87D-0761-44F2-B4BE-3C51AD7B388E}.Release|Mixed Platforms.ActiveCfg = Release|Any CPU
		{AF61E87D-0761-44F2-B4BE-3C51AD7B388E}.Release|Mixed Platforms.Build.0 = Release|Any CPU
		{AF61E87D-0761-44F2-B4BE-3C51AD7B388E}.Release|x86.ActiveCfg = Release|Any CPU
		{5F44CA30-B150-4993-B5EF-8A9334F3A62A}.Ad-Hoc|Any CPU.ActiveCfg = Release|Any CPU
		{5F44CA30-B150-4993-B5EF-8A9334F3A62A}.Ad-Hoc|Any CPU.Build.0 = Release|Any CPU
		{5F44CA30-B150-4993-B5EF-8A9334F3A62A}.Ad-Hoc|ARM.ActiveCfg = Release|Any CPU
		{5F44CA30-B150-4993-B5EF-8A9334F3A62A}.Ad-Hoc|iPhone.ActiveCfg = Release|Any CPU
		{5F44CA30-B150-4993-B5EF-8A9334F3A62A}.Ad-Hoc|iPhoneSimulator.ActiveCfg = Release|Any CPU
		{5F44CA30-B150-4993-B5EF-8A9334F3A62A}.Ad-Hoc|Mixed Platforms.ActiveCfg = Release|Any CPU
		{5F44CA30-B150-4993-B5EF-8A9334F3A62A}.Ad-Hoc|Mixed Platforms.Build.0 = Release|Any CPU
		{5F44CA30-B150-4993-B5EF-8A9334F3A62A}.Ad-Hoc|x86.ActiveCfg = Release|Any CPU
		{5F44CA30-B150-4993-B5EF-8A9334F3A62A}.AppStore|Any CPU.ActiveCfg = Release|Any CPU
		{5F44CA30-B150-4993-B5EF-8A9334F3A62A}.AppStore|Any CPU.Build.0 = Release|Any CPU
		{5F44CA30-B150-4993-B5EF-8A9334F3A62A}.AppStore|ARM.ActiveCfg = Release|Any CPU
		{5F44CA30-B150-4993-B5EF-8A9334F3A62A}.AppStore|iPhone.ActiveCfg = Release|Any CPU
		{5F44CA30-B150-4993-B5EF-8A9334F3A62A}.AppStore|iPhoneSimulator.ActiveCfg = Release|Any CPU
		{5F44CA30-B150-4993-B5EF-8A9334F3A62A}.AppStore|Mixed Platforms.ActiveCfg = Release|Any CPU
		{5F44CA30-B150-4993-B5EF-8A9334F3A62A}.AppStore|Mixed Platforms.Build.0 = Release|Any CPU
		{5F44CA30-B150-4993-B5EF-8A9334F3A62A}.AppStore|x86.ActiveCfg = Release|Any CPU
		{5F44CA30-B150-4993-B5EF-8A9334F3A62A}.Debug|Any CPU.ActiveCfg = Debug|Any CPU
		{5F44CA30-B150-4993-B5EF-8A9334F3A62A}.Debug|Any CPU.Build.0 = Debug|Any CPU
		{5F44CA30-B150-4993-B5EF-8A9334F3A62A}.Debug|ARM.ActiveCfg = Debug|Any CPU
		{5F44CA30-B150-4993-B5EF-8A9334F3A62A}.Debug|iPhone.ActiveCfg = Debug|Any CPU
		{5F44CA30-B150-4993-B5EF-8A9334F3A62A}.Debug|iPhoneSimulator.ActiveCfg = Debug|Any CPU
		{5F44CA30-B150-4993-B5EF-8A9334F3A62A}.Debug|Mixed Platforms.ActiveCfg = Debug|Any CPU
		{5F44CA30-B150-4993-B5EF-8A9334F3A62A}.Debug|Mixed Platforms.Build.0 = Debug|Any CPU
		{5F44CA30-B150-4993-B5EF-8A9334F3A62A}.Debug|x86.ActiveCfg = Debug|Any CPU
		{5F44CA30-B150-4993-B5EF-8A9334F3A62A}.Release|Any CPU.ActiveCfg = Release|Any CPU
		{5F44CA30-B150-4993-B5EF-8A9334F3A62A}.Release|Any CPU.Build.0 = Release|Any CPU
		{5F44CA30-B150-4993-B5EF-8A9334F3A62A}.Release|ARM.ActiveCfg = Release|Any CPU
		{5F44CA30-B150-4993-B5EF-8A9334F3A62A}.Release|iPhone.ActiveCfg = Release|Any CPU
		{5F44CA30-B150-4993-B5EF-8A9334F3A62A}.Release|iPhoneSimulator.ActiveCfg = Release|Any CPU
		{5F44CA30-B150-4993-B5EF-8A9334F3A62A}.Release|Mixed Platforms.ActiveCfg = Release|Any CPU
		{5F44CA30-B150-4993-B5EF-8A9334F3A62A}.Release|Mixed Platforms.Build.0 = Release|Any CPU
		{5F44CA30-B150-4993-B5EF-8A9334F3A62A}.Release|x86.ActiveCfg = Release|Any CPU
		{AF036A44-4B1F-4FFF-81CB-00CED0A9348E}.Ad-Hoc|Any CPU.ActiveCfg = Release|Any CPU
		{AF036A44-4B1F-4FFF-81CB-00CED0A9348E}.Ad-Hoc|Any CPU.Build.0 = Release|Any CPU
		{AF036A44-4B1F-4FFF-81CB-00CED0A9348E}.Ad-Hoc|ARM.ActiveCfg = Release|Any CPU
		{AF036A44-4B1F-4FFF-81CB-00CED0A9348E}.Ad-Hoc|iPhone.ActiveCfg = Release|Any CPU
		{AF036A44-4B1F-4FFF-81CB-00CED0A9348E}.Ad-Hoc|iPhoneSimulator.ActiveCfg = Release|Any CPU
		{AF036A44-4B1F-4FFF-81CB-00CED0A9348E}.Ad-Hoc|Mixed Platforms.ActiveCfg = Release|Any CPU
		{AF036A44-4B1F-4FFF-81CB-00CED0A9348E}.Ad-Hoc|Mixed Platforms.Build.0 = Release|Any CPU
		{AF036A44-4B1F-4FFF-81CB-00CED0A9348E}.Ad-Hoc|x86.ActiveCfg = Release|Any CPU
		{AF036A44-4B1F-4FFF-81CB-00CED0A9348E}.AppStore|Any CPU.ActiveCfg = Release|Any CPU
		{AF036A44-4B1F-4FFF-81CB-00CED0A9348E}.AppStore|Any CPU.Build.0 = Release|Any CPU
		{AF036A44-4B1F-4FFF-81CB-00CED0A9348E}.AppStore|ARM.ActiveCfg = Release|Any CPU
		{AF036A44-4B1F-4FFF-81CB-00CED0A9348E}.AppStore|iPhone.ActiveCfg = Release|Any CPU
		{AF036A44-4B1F-4FFF-81CB-00CED0A9348E}.AppStore|iPhoneSimulator.ActiveCfg = Release|Any CPU
		{AF036A44-4B1F-4FFF-81CB-00CED0A9348E}.AppStore|Mixed Platforms.ActiveCfg = Release|Any CPU
		{AF036A44-4B1F-4FFF-81CB-00CED0A9348E}.AppStore|Mixed Platforms.Build.0 = Release|Any CPU
		{AF036A44-4B1F-4FFF-81CB-00CED0A9348E}.AppStore|x86.ActiveCfg = Release|Any CPU
		{AF036A44-4B1F-4FFF-81CB-00CED0A9348E}.Debug|Any CPU.ActiveCfg = Debug|Any CPU
		{AF036A44-4B1F-4FFF-81CB-00CED0A9348E}.Debug|Any CPU.Build.0 = Debug|Any CPU
		{AF036A44-4B1F-4FFF-81CB-00CED0A9348E}.Debug|ARM.ActiveCfg = Debug|Any CPU
		{AF036A44-4B1F-4FFF-81CB-00CED0A9348E}.Debug|iPhone.ActiveCfg = Debug|Any CPU
		{AF036A44-4B1F-4FFF-81CB-00CED0A9348E}.Debug|iPhoneSimulator.ActiveCfg = Debug|Any CPU
		{AF036A44-4B1F-4FFF-81CB-00CED0A9348E}.Debug|Mixed Platforms.ActiveCfg = Debug|Any CPU
		{AF036A44-4B1F-4FFF-81CB-00CED0A9348E}.Debug|Mixed Platforms.Build.0 = Debug|Any CPU
		{AF036A44-4B1F-4FFF-81CB-00CED0A9348E}.Debug|x86.ActiveCfg = Debug|Any CPU
		{AF036A44-4B1F-4FFF-81CB-00CED0A9348E}.Release|Any CPU.ActiveCfg = Release|Any CPU
		{AF036A44-4B1F-4FFF-81CB-00CED0A9348E}.Release|Any CPU.Build.0 = Release|Any CPU
		{AF036A44-4B1F-4FFF-81CB-00CED0A9348E}.Release|ARM.ActiveCfg = Release|Any CPU
		{AF036A44-4B1F-4FFF-81CB-00CED0A9348E}.Release|iPhone.ActiveCfg = Release|Any CPU
		{AF036A44-4B1F-4FFF-81CB-00CED0A9348E}.Release|iPhoneSimulator.ActiveCfg = Release|Any CPU
		{AF036A44-4B1F-4FFF-81CB-00CED0A9348E}.Release|Mixed Platforms.ActiveCfg = Release|Any CPU
		{AF036A44-4B1F-4FFF-81CB-00CED0A9348E}.Release|Mixed Platforms.Build.0 = Release|Any CPU
		{AF036A44-4B1F-4FFF-81CB-00CED0A9348E}.Release|x86.ActiveCfg = Release|Any CPU
		{D776AA80-E6DD-49A9-AE18-2AA557FB521B}.Ad-Hoc|Any CPU.ActiveCfg = Release|Any CPU
		{D776AA80-E6DD-49A9-AE18-2AA557FB521B}.Ad-Hoc|Any CPU.Build.0 = Release|Any CPU
		{D776AA80-E6DD-49A9-AE18-2AA557FB521B}.Ad-Hoc|ARM.ActiveCfg = Release|Any CPU
		{D776AA80-E6DD-49A9-AE18-2AA557FB521B}.Ad-Hoc|iPhone.ActiveCfg = Release|Any CPU
		{D776AA80-E6DD-49A9-AE18-2AA557FB521B}.Ad-Hoc|iPhoneSimulator.ActiveCfg = Release|Any CPU
		{D776AA80-E6DD-49A9-AE18-2AA557FB521B}.Ad-Hoc|Mixed Platforms.ActiveCfg = Release|Any CPU
		{D776AA80-E6DD-49A9-AE18-2AA557FB521B}.Ad-Hoc|Mixed Platforms.Build.0 = Release|Any CPU
		{D776AA80-E6DD-49A9-AE18-2AA557FB521B}.Ad-Hoc|x86.ActiveCfg = Release|Any CPU
		{D776AA80-E6DD-49A9-AE18-2AA557FB521B}.AppStore|Any CPU.ActiveCfg = Release|Any CPU
		{D776AA80-E6DD-49A9-AE18-2AA557FB521B}.AppStore|Any CPU.Build.0 = Release|Any CPU
		{D776AA80-E6DD-49A9-AE18-2AA557FB521B}.AppStore|ARM.ActiveCfg = Release|Any CPU
		{D776AA80-E6DD-49A9-AE18-2AA557FB521B}.AppStore|iPhone.ActiveCfg = Release|Any CPU
		{D776AA80-E6DD-49A9-AE18-2AA557FB521B}.AppStore|iPhoneSimulator.ActiveCfg = Release|Any CPU
		{D776AA80-E6DD-49A9-AE18-2AA557FB521B}.AppStore|Mixed Platforms.ActiveCfg = Release|Any CPU
		{D776AA80-E6DD-49A9-AE18-2AA557FB521B}.AppStore|Mixed Platforms.Build.0 = Release|Any CPU
		{D776AA80-E6DD-49A9-AE18-2AA557FB521B}.AppStore|x86.ActiveCfg = Release|Any CPU
		{D776AA80-E6DD-49A9-AE18-2AA557FB521B}.Debug|Any CPU.ActiveCfg = Debug|Any CPU
		{D776AA80-E6DD-49A9-AE18-2AA557FB521B}.Debug|Any CPU.Build.0 = Debug|Any CPU
		{D776AA80-E6DD-49A9-AE18-2AA557FB521B}.Debug|ARM.ActiveCfg = Debug|Any CPU
		{D776AA80-E6DD-49A9-AE18-2AA557FB521B}.Debug|iPhone.ActiveCfg = Debug|Any CPU
		{D776AA80-E6DD-49A9-AE18-2AA557FB521B}.Debug|iPhoneSimulator.ActiveCfg = Debug|Any CPU
		{D776AA80-E6DD-49A9-AE18-2AA557FB521B}.Debug|Mixed Platforms.ActiveCfg = Debug|Any CPU
		{D776AA80-E6DD-49A9-AE18-2AA557FB521B}.Debug|Mixed Platforms.Build.0 = Debug|Any CPU
		{D776AA80-E6DD-49A9-AE18-2AA557FB521B}.Debug|x86.ActiveCfg = Debug|Any CPU
		{D776AA80-E6DD-49A9-AE18-2AA557FB521B}.Release|Any CPU.ActiveCfg = Release|Any CPU
		{D776AA80-E6DD-49A9-AE18-2AA557FB521B}.Release|Any CPU.Build.0 = Release|Any CPU
		{D776AA80-E6DD-49A9-AE18-2AA557FB521B}.Release|ARM.ActiveCfg = Release|Any CPU
		{D776AA80-E6DD-49A9-AE18-2AA557FB521B}.Release|iPhone.ActiveCfg = Release|Any CPU
		{D776AA80-E6DD-49A9-AE18-2AA557FB521B}.Release|iPhoneSimulator.ActiveCfg = Release|Any CPU
		{D776AA80-E6DD-49A9-AE18-2AA557FB521B}.Release|Mixed Platforms.ActiveCfg = Release|Any CPU
		{D776AA80-E6DD-49A9-AE18-2AA557FB521B}.Release|Mixed Platforms.Build.0 = Release|Any CPU
		{D776AA80-E6DD-49A9-AE18-2AA557FB521B}.Release|x86.ActiveCfg = Release|Any CPU
		{28438D38-3BFB-4C07-B099-7394573500C4}.Ad-Hoc|Any CPU.ActiveCfg = Release|Any CPU
		{28438D38-3BFB-4C07-B099-7394573500C4}.Ad-Hoc|Any CPU.Build.0 = Release|Any CPU
		{28438D38-3BFB-4C07-B099-7394573500C4}.Ad-Hoc|ARM.ActiveCfg = Release|Any CPU
		{28438D38-3BFB-4C07-B099-7394573500C4}.Ad-Hoc|iPhone.ActiveCfg = Release|Any CPU
		{28438D38-3BFB-4C07-B099-7394573500C4}.Ad-Hoc|iPhoneSimulator.ActiveCfg = Release|Any CPU
		{28438D38-3BFB-4C07-B099-7394573500C4}.Ad-Hoc|Mixed Platforms.ActiveCfg = Release|Any CPU
		{28438D38-3BFB-4C07-B099-7394573500C4}.Ad-Hoc|Mixed Platforms.Build.0 = Release|Any CPU
		{28438D38-3BFB-4C07-B099-7394573500C4}.Ad-Hoc|x86.ActiveCfg = Release|Any CPU
		{28438D38-3BFB-4C07-B099-7394573500C4}.AppStore|Any CPU.ActiveCfg = Release|Any CPU
		{28438D38-3BFB-4C07-B099-7394573500C4}.AppStore|Any CPU.Build.0 = Release|Any CPU
		{28438D38-3BFB-4C07-B099-7394573500C4}.AppStore|ARM.ActiveCfg = Release|Any CPU
		{28438D38-3BFB-4C07-B099-7394573500C4}.AppStore|iPhone.ActiveCfg = Release|Any CPU
		{28438D38-3BFB-4C07-B099-7394573500C4}.AppStore|iPhoneSimulator.ActiveCfg = Release|Any CPU
		{28438D38-3BFB-4C07-B099-7394573500C4}.AppStore|Mixed Platforms.ActiveCfg = Release|Any CPU
		{28438D38-3BFB-4C07-B099-7394573500C4}.AppStore|Mixed Platforms.Build.0 = Release|Any CPU
		{28438D38-3BFB-4C07-B099-7394573500C4}.AppStore|x86.ActiveCfg = Release|Any CPU
		{28438D38-3BFB-4C07-B099-7394573500C4}.Debug|Any CPU.ActiveCfg = Debug|Any CPU
		{28438D38-3BFB-4C07-B099-7394573500C4}.Debug|Any CPU.Build.0 = Debug|Any CPU
		{28438D38-3BFB-4C07-B099-7394573500C4}.Debug|ARM.ActiveCfg = Debug|Any CPU
		{28438D38-3BFB-4C07-B099-7394573500C4}.Debug|iPhone.ActiveCfg = Debug|Any CPU
		{28438D38-3BFB-4C07-B099-7394573500C4}.Debug|iPhoneSimulator.ActiveCfg = Debug|Any CPU
		{28438D38-3BFB-4C07-B099-7394573500C4}.Debug|Mixed Platforms.ActiveCfg = Debug|Any CPU
		{28438D38-3BFB-4C07-B099-7394573500C4}.Debug|Mixed Platforms.Build.0 = Debug|Any CPU
		{28438D38-3BFB-4C07-B099-7394573500C4}.Debug|x86.ActiveCfg = Debug|Any CPU
		{28438D38-3BFB-4C07-B099-7394573500C4}.Release|Any CPU.ActiveCfg = Release|Any CPU
		{28438D38-3BFB-4C07-B099-7394573500C4}.Release|Any CPU.Build.0 = Release|Any CPU
		{28438D38-3BFB-4C07-B099-7394573500C4}.Release|ARM.ActiveCfg = Release|Any CPU
		{28438D38-3BFB-4C07-B099-7394573500C4}.Release|iPhone.ActiveCfg = Release|Any CPU
		{28438D38-3BFB-4C07-B099-7394573500C4}.Release|iPhoneSimulator.ActiveCfg = Release|Any CPU
		{28438D38-3BFB-4C07-B099-7394573500C4}.Release|Mixed Platforms.ActiveCfg = Release|Any CPU
		{28438D38-3BFB-4C07-B099-7394573500C4}.Release|Mixed Platforms.Build.0 = Release|Any CPU
		{28438D38-3BFB-4C07-B099-7394573500C4}.Release|x86.ActiveCfg = Release|Any CPU
		{0C54ABD9-9755-4ED9-B192-A8334F53B696}.Ad-Hoc|Any CPU.ActiveCfg = Release|Any CPU
		{0C54ABD9-9755-4ED9-B192-A8334F53B696}.Ad-Hoc|Any CPU.Build.0 = Release|Any CPU
		{0C54ABD9-9755-4ED9-B192-A8334F53B696}.Ad-Hoc|ARM.ActiveCfg = Release|Any CPU
		{0C54ABD9-9755-4ED9-B192-A8334F53B696}.Ad-Hoc|iPhone.ActiveCfg = Release|Any CPU
		{0C54ABD9-9755-4ED9-B192-A8334F53B696}.Ad-Hoc|iPhoneSimulator.ActiveCfg = Release|Any CPU
		{0C54ABD9-9755-4ED9-B192-A8334F53B696}.Ad-Hoc|Mixed Platforms.ActiveCfg = Release|Any CPU
		{0C54ABD9-9755-4ED9-B192-A8334F53B696}.Ad-Hoc|Mixed Platforms.Build.0 = Release|Any CPU
		{0C54ABD9-9755-4ED9-B192-A8334F53B696}.Ad-Hoc|x86.ActiveCfg = Release|Any CPU
		{0C54ABD9-9755-4ED9-B192-A8334F53B696}.AppStore|Any CPU.ActiveCfg = Release|Any CPU
		{0C54ABD9-9755-4ED9-B192-A8334F53B696}.AppStore|Any CPU.Build.0 = Release|Any CPU
		{0C54ABD9-9755-4ED9-B192-A8334F53B696}.AppStore|ARM.ActiveCfg = Release|Any CPU
		{0C54ABD9-9755-4ED9-B192-A8334F53B696}.AppStore|iPhone.ActiveCfg = Release|Any CPU
		{0C54ABD9-9755-4ED9-B192-A8334F53B696}.AppStore|iPhoneSimulator.ActiveCfg = Release|Any CPU
		{0C54ABD9-9755-4ED9-B192-A8334F53B696}.AppStore|Mixed Platforms.ActiveCfg = Release|Any CPU
		{0C54ABD9-9755-4ED9-B192-A8334F53B696}.AppStore|Mixed Platforms.Build.0 = Release|Any CPU
		{0C54ABD9-9755-4ED9-B192-A8334F53B696}.AppStore|x86.ActiveCfg = Release|Any CPU
		{0C54ABD9-9755-4ED9-B192-A8334F53B696}.Debug|Any CPU.ActiveCfg = Debug|Any CPU
		{0C54ABD9-9755-4ED9-B192-A8334F53B696}.Debug|Any CPU.Build.0 = Debug|Any CPU
		{0C54ABD9-9755-4ED9-B192-A8334F53B696}.Debug|ARM.ActiveCfg = Debug|Any CPU
		{0C54ABD9-9755-4ED9-B192-A8334F53B696}.Debug|iPhone.ActiveCfg = Debug|Any CPU
		{0C54ABD9-9755-4ED9-B192-A8334F53B696}.Debug|iPhoneSimulator.ActiveCfg = Debug|Any CPU
		{0C54ABD9-9755-4ED9-B192-A8334F53B696}.Debug|Mixed Platforms.ActiveCfg = Debug|Any CPU
		{0C54ABD9-9755-4ED9-B192-A8334F53B696}.Debug|Mixed Platforms.Build.0 = Debug|Any CPU
		{0C54ABD9-9755-4ED9-B192-A8334F53B696}.Debug|x86.ActiveCfg = Debug|Any CPU
		{0C54ABD9-9755-4ED9-B192-A8334F53B696}.Release|Any CPU.ActiveCfg = Release|Any CPU
		{0C54ABD9-9755-4ED9-B192-A8334F53B696}.Release|Any CPU.Build.0 = Release|Any CPU
		{0C54ABD9-9755-4ED9-B192-A8334F53B696}.Release|ARM.ActiveCfg = Release|Any CPU
		{0C54ABD9-9755-4ED9-B192-A8334F53B696}.Release|iPhone.ActiveCfg = Release|Any CPU
		{0C54ABD9-9755-4ED9-B192-A8334F53B696}.Release|iPhoneSimulator.ActiveCfg = Release|Any CPU
		{0C54ABD9-9755-4ED9-B192-A8334F53B696}.Release|Mixed Platforms.ActiveCfg = Release|Any CPU
		{0C54ABD9-9755-4ED9-B192-A8334F53B696}.Release|Mixed Platforms.Build.0 = Release|Any CPU
		{0C54ABD9-9755-4ED9-B192-A8334F53B696}.Release|x86.ActiveCfg = Release|Any CPU
		{171E72C9-5DD3-4087-8381-4B03A9EE8A2F}.Ad-Hoc|Any CPU.ActiveCfg = Release|Any CPU
		{171E72C9-5DD3-4087-8381-4B03A9EE8A2F}.Ad-Hoc|Any CPU.Build.0 = Release|Any CPU
		{171E72C9-5DD3-4087-8381-4B03A9EE8A2F}.Ad-Hoc|Any CPU.Deploy.0 = Release|Any CPU
		{171E72C9-5DD3-4087-8381-4B03A9EE8A2F}.Ad-Hoc|ARM.ActiveCfg = Release|ARM
		{171E72C9-5DD3-4087-8381-4B03A9EE8A2F}.Ad-Hoc|ARM.Build.0 = Release|ARM
		{171E72C9-5DD3-4087-8381-4B03A9EE8A2F}.Ad-Hoc|ARM.Deploy.0 = Release|ARM
		{171E72C9-5DD3-4087-8381-4B03A9EE8A2F}.Ad-Hoc|iPhone.ActiveCfg = Release|Any CPU
		{171E72C9-5DD3-4087-8381-4B03A9EE8A2F}.Ad-Hoc|iPhoneSimulator.ActiveCfg = Release|Any CPU
		{171E72C9-5DD3-4087-8381-4B03A9EE8A2F}.Ad-Hoc|Mixed Platforms.ActiveCfg = Release|Any CPU
		{171E72C9-5DD3-4087-8381-4B03A9EE8A2F}.Ad-Hoc|Mixed Platforms.Build.0 = Release|Any CPU
		{171E72C9-5DD3-4087-8381-4B03A9EE8A2F}.Ad-Hoc|Mixed Platforms.Deploy.0 = Release|Any CPU
		{171E72C9-5DD3-4087-8381-4B03A9EE8A2F}.Ad-Hoc|x86.ActiveCfg = Release|x86
		{171E72C9-5DD3-4087-8381-4B03A9EE8A2F}.Ad-Hoc|x86.Build.0 = Release|x86
		{171E72C9-5DD3-4087-8381-4B03A9EE8A2F}.Ad-Hoc|x86.Deploy.0 = Release|x86
		{171E72C9-5DD3-4087-8381-4B03A9EE8A2F}.AppStore|Any CPU.ActiveCfg = Release|Any CPU
		{171E72C9-5DD3-4087-8381-4B03A9EE8A2F}.AppStore|Any CPU.Build.0 = Release|Any CPU
		{171E72C9-5DD3-4087-8381-4B03A9EE8A2F}.AppStore|Any CPU.Deploy.0 = Release|Any CPU
		{171E72C9-5DD3-4087-8381-4B03A9EE8A2F}.AppStore|ARM.ActiveCfg = Release|ARM
		{171E72C9-5DD3-4087-8381-4B03A9EE8A2F}.AppStore|ARM.Build.0 = Release|ARM
		{171E72C9-5DD3-4087-8381-4B03A9EE8A2F}.AppStore|ARM.Deploy.0 = Release|ARM
		{171E72C9-5DD3-4087-8381-4B03A9EE8A2F}.AppStore|iPhone.ActiveCfg = Release|Any CPU
		{171E72C9-5DD3-4087-8381-4B03A9EE8A2F}.AppStore|iPhoneSimulator.ActiveCfg = Release|Any CPU
		{171E72C9-5DD3-4087-8381-4B03A9EE8A2F}.AppStore|Mixed Platforms.ActiveCfg = Release|x86
		{171E72C9-5DD3-4087-8381-4B03A9EE8A2F}.AppStore|Mixed Platforms.Build.0 = Release|x86
		{171E72C9-5DD3-4087-8381-4B03A9EE8A2F}.AppStore|Mixed Platforms.Deploy.0 = Release|x86
		{171E72C9-5DD3-4087-8381-4B03A9EE8A2F}.AppStore|x86.ActiveCfg = Release|x86
		{171E72C9-5DD3-4087-8381-4B03A9EE8A2F}.AppStore|x86.Build.0 = Release|x86
		{171E72C9-5DD3-4087-8381-4B03A9EE8A2F}.AppStore|x86.Deploy.0 = Release|x86
		{171E72C9-5DD3-4087-8381-4B03A9EE8A2F}.Debug|Any CPU.ActiveCfg = Debug|Any CPU
		{171E72C9-5DD3-4087-8381-4B03A9EE8A2F}.Debug|Any CPU.Build.0 = Debug|Any CPU
		{171E72C9-5DD3-4087-8381-4B03A9EE8A2F}.Debug|Any CPU.Deploy.0 = Debug|Any CPU
		{171E72C9-5DD3-4087-8381-4B03A9EE8A2F}.Debug|ARM.ActiveCfg = Debug|ARM
		{171E72C9-5DD3-4087-8381-4B03A9EE8A2F}.Debug|ARM.Build.0 = Debug|ARM
		{171E72C9-5DD3-4087-8381-4B03A9EE8A2F}.Debug|ARM.Deploy.0 = Debug|ARM
		{171E72C9-5DD3-4087-8381-4B03A9EE8A2F}.Debug|iPhone.ActiveCfg = Debug|Any CPU
		{171E72C9-5DD3-4087-8381-4B03A9EE8A2F}.Debug|iPhoneSimulator.ActiveCfg = Debug|Any CPU
		{171E72C9-5DD3-4087-8381-4B03A9EE8A2F}.Debug|Mixed Platforms.ActiveCfg = Debug|Any CPU
		{171E72C9-5DD3-4087-8381-4B03A9EE8A2F}.Debug|Mixed Platforms.Build.0 = Debug|Any CPU
		{171E72C9-5DD3-4087-8381-4B03A9EE8A2F}.Debug|Mixed Platforms.Deploy.0 = Debug|Any CPU
		{171E72C9-5DD3-4087-8381-4B03A9EE8A2F}.Debug|x86.ActiveCfg = Debug|x86
		{171E72C9-5DD3-4087-8381-4B03A9EE8A2F}.Debug|x86.Build.0 = Debug|x86
		{171E72C9-5DD3-4087-8381-4B03A9EE8A2F}.Debug|x86.Deploy.0 = Debug|x86
		{171E72C9-5DD3-4087-8381-4B03A9EE8A2F}.Release|Any CPU.ActiveCfg = Release|Any CPU
		{171E72C9-5DD3-4087-8381-4B03A9EE8A2F}.Release|Any CPU.Build.0 = Release|Any CPU
		{171E72C9-5DD3-4087-8381-4B03A9EE8A2F}.Release|Any CPU.Deploy.0 = Release|Any CPU
		{171E72C9-5DD3-4087-8381-4B03A9EE8A2F}.Release|ARM.ActiveCfg = Release|ARM
		{171E72C9-5DD3-4087-8381-4B03A9EE8A2F}.Release|ARM.Build.0 = Release|ARM
		{171E72C9-5DD3-4087-8381-4B03A9EE8A2F}.Release|ARM.Deploy.0 = Release|ARM
		{171E72C9-5DD3-4087-8381-4B03A9EE8A2F}.Release|iPhone.ActiveCfg = Release|Any CPU
		{171E72C9-5DD3-4087-8381-4B03A9EE8A2F}.Release|iPhoneSimulator.ActiveCfg = Release|Any CPU
		{171E72C9-5DD3-4087-8381-4B03A9EE8A2F}.Release|Mixed Platforms.ActiveCfg = Release|x86
		{171E72C9-5DD3-4087-8381-4B03A9EE8A2F}.Release|Mixed Platforms.Build.0 = Release|x86
		{171E72C9-5DD3-4087-8381-4B03A9EE8A2F}.Release|Mixed Platforms.Deploy.0 = Release|x86
		{171E72C9-5DD3-4087-8381-4B03A9EE8A2F}.Release|x86.ActiveCfg = Release|x86
		{171E72C9-5DD3-4087-8381-4B03A9EE8A2F}.Release|x86.Build.0 = Release|x86
		{171E72C9-5DD3-4087-8381-4B03A9EE8A2F}.Release|x86.Deploy.0 = Release|x86
		{6A0CE228-FCD0-4A99-8882-FE45544DADFF}.Ad-Hoc|Any CPU.ActiveCfg = Release|Any CPU
		{6A0CE228-FCD0-4A99-8882-FE45544DADFF}.Ad-Hoc|Any CPU.Build.0 = Release|Any CPU
		{6A0CE228-FCD0-4A99-8882-FE45544DADFF}.Ad-Hoc|ARM.ActiveCfg = Release|ARM
		{6A0CE228-FCD0-4A99-8882-FE45544DADFF}.Ad-Hoc|ARM.Build.0 = Release|ARM
		{6A0CE228-FCD0-4A99-8882-FE45544DADFF}.Ad-Hoc|iPhone.ActiveCfg = Release|Any CPU
		{6A0CE228-FCD0-4A99-8882-FE45544DADFF}.Ad-Hoc|iPhoneSimulator.ActiveCfg = Release|Any CPU
		{6A0CE228-FCD0-4A99-8882-FE45544DADFF}.Ad-Hoc|Mixed Platforms.ActiveCfg = Release|Any CPU
		{6A0CE228-FCD0-4A99-8882-FE45544DADFF}.Ad-Hoc|Mixed Platforms.Build.0 = Release|Any CPU
		{6A0CE228-FCD0-4A99-8882-FE45544DADFF}.Ad-Hoc|x86.ActiveCfg = Release|x86
		{6A0CE228-FCD0-4A99-8882-FE45544DADFF}.Ad-Hoc|x86.Build.0 = Release|x86
		{6A0CE228-FCD0-4A99-8882-FE45544DADFF}.AppStore|Any CPU.ActiveCfg = Release|Any CPU
		{6A0CE228-FCD0-4A99-8882-FE45544DADFF}.AppStore|Any CPU.Build.0 = Release|Any CPU
		{6A0CE228-FCD0-4A99-8882-FE45544DADFF}.AppStore|ARM.ActiveCfg = Release|ARM
		{6A0CE228-FCD0-4A99-8882-FE45544DADFF}.AppStore|ARM.Build.0 = Release|ARM
		{6A0CE228-FCD0-4A99-8882-FE45544DADFF}.AppStore|iPhone.ActiveCfg = Release|Any CPU
		{6A0CE228-FCD0-4A99-8882-FE45544DADFF}.AppStore|iPhoneSimulator.ActiveCfg = Release|Any CPU
		{6A0CE228-FCD0-4A99-8882-FE45544DADFF}.AppStore|Mixed Platforms.ActiveCfg = Release|x86
		{6A0CE228-FCD0-4A99-8882-FE45544DADFF}.AppStore|Mixed Platforms.Build.0 = Release|x86
		{6A0CE228-FCD0-4A99-8882-FE45544DADFF}.AppStore|x86.ActiveCfg = Release|x86
		{6A0CE228-FCD0-4A99-8882-FE45544DADFF}.AppStore|x86.Build.0 = Release|x86
		{6A0CE228-FCD0-4A99-8882-FE45544DADFF}.Debug|Any CPU.ActiveCfg = Debug|Any CPU
		{6A0CE228-FCD0-4A99-8882-FE45544DADFF}.Debug|Any CPU.Build.0 = Debug|Any CPU
		{6A0CE228-FCD0-4A99-8882-FE45544DADFF}.Debug|ARM.ActiveCfg = Debug|ARM
		{6A0CE228-FCD0-4A99-8882-FE45544DADFF}.Debug|ARM.Build.0 = Debug|ARM
		{6A0CE228-FCD0-4A99-8882-FE45544DADFF}.Debug|iPhone.ActiveCfg = Debug|Any CPU
		{6A0CE228-FCD0-4A99-8882-FE45544DADFF}.Debug|iPhoneSimulator.ActiveCfg = Debug|Any CPU
		{6A0CE228-FCD0-4A99-8882-FE45544DADFF}.Debug|Mixed Platforms.ActiveCfg = Debug|Any CPU
		{6A0CE228-FCD0-4A99-8882-FE45544DADFF}.Debug|Mixed Platforms.Build.0 = Debug|Any CPU
		{6A0CE228-FCD0-4A99-8882-FE45544DADFF}.Debug|x86.ActiveCfg = Debug|x86
		{6A0CE228-FCD0-4A99-8882-FE45544DADFF}.Debug|x86.Build.0 = Debug|x86
		{6A0CE228-FCD0-4A99-8882-FE45544DADFF}.Release|Any CPU.ActiveCfg = Release|Any CPU
		{6A0CE228-FCD0-4A99-8882-FE45544DADFF}.Release|Any CPU.Build.0 = Release|Any CPU
		{6A0CE228-FCD0-4A99-8882-FE45544DADFF}.Release|ARM.ActiveCfg = Release|ARM
		{6A0CE228-FCD0-4A99-8882-FE45544DADFF}.Release|ARM.Build.0 = Release|ARM
		{6A0CE228-FCD0-4A99-8882-FE45544DADFF}.Release|iPhone.ActiveCfg = Release|Any CPU
		{6A0CE228-FCD0-4A99-8882-FE45544DADFF}.Release|iPhoneSimulator.ActiveCfg = Release|Any CPU
		{6A0CE228-FCD0-4A99-8882-FE45544DADFF}.Release|Mixed Platforms.ActiveCfg = Release|x86
		{6A0CE228-FCD0-4A99-8882-FE45544DADFF}.Release|Mixed Platforms.Build.0 = Release|x86
		{6A0CE228-FCD0-4A99-8882-FE45544DADFF}.Release|x86.ActiveCfg = Release|x86
		{6A0CE228-FCD0-4A99-8882-FE45544DADFF}.Release|x86.Build.0 = Release|x86
	EndGlobalSection
	GlobalSection(SolutionProperties) = preSolution
		HideSolutionNode = FALSE
	EndGlobalSection
	GlobalSection(NestedProjects) = preSolution
		{171E72C9-5DD3-4087-8381-4B03A9EE8A2F} = {D58688EC-1B43-4C2C-955C-6F2F63BBCD20}
		{6A0CE228-FCD0-4A99-8882-FE45544DADFF} = {D58688EC-1B43-4C2C-955C-6F2F63BBCD20}
	EndGlobalSection
EndGlobal
